# THIS IS AN AUTOGENERATED FILE. DO NOT EDIT THIS FILE DIRECTLY.
# yarn lockfile v1


agentkeepalive@^2.2.0:
  version "2.2.0"
  resolved "https://registry.yarnpkg.com/agentkeepalive/-/agentkeepalive-2.2.0.tgz#c5d1bd4b129008f1163f236f86e5faea2026e2ef"
  integrity sha1-xdG9SxKQCPEWPyNvhuX66iAm4u8=

algolia-aerial@^1.5.3:
  version "1.5.3"
  resolved "https://registry.yarnpkg.com/algolia-aerial/-/algolia-aerial-1.5.3.tgz#c8b8ca6bc484164ffc7b36717689a424ea6bfe6c"
  integrity sha512-LZTpVlYnhqNFd+ru/Spm73omhsagiRQLmjrosa5bJ6/I9OMRp4Sb9pYZkAxcx3RSr+ZNXZqthL7rpXqMFdrnPA==

algoliasearch@^3.31.0:
  version "3.32.0"
  resolved "https://registry.yarnpkg.com/algoliasearch/-/algoliasearch-3.32.0.tgz#5818168c26ff921bd0346a919071bac928b747ce"
  integrity sha512-C8oQnPTf0wPuyD2jSZwtBAPvz+lHOE7zRIPpgXGBuNt6ZNcC4omsbytG26318rT77a8h4759vmIp6n9p8iw4NA==
  dependencies:
    agentkeepalive "^2.2.0"
    debug "^2.6.8"
    envify "^4.0.0"
    es6-promise "^4.1.0"
    events "^1.1.0"
    foreach "^2.0.5"
    global "^4.3.2"
    inherits "^2.0.1"
    isarray "^2.0.1"
    load-script "^1.0.0"
    object-keys "^1.0.11"
    querystring-es3 "^0.2.1"
    reduce "^1.0.1"
    semver "^5.1.0"
    tunnel-agent "^0.6.0"

autocomplete.js@^0.36.0:
  version "0.36.0"
  resolved "https://registry.yarnpkg.com/autocomplete.js/-/autocomplete.js-0.36.0.tgz#94fe775fe64b6cd42e622d076dc7fd26bedd837b"
  integrity sha512-jEwUXnVMeCHHutUt10i/8ZiRaCb0Wo+ZyKxeGsYwBDtw6EJHqEeDrq4UwZRD8YBSvp3g6klP678il2eeiVXN2Q==
  dependencies:
    immediate "^3.2.3"

bindings@^1.2.1:
  version "1.5.0"
  resolved "https://registry.yarnpkg.com/bindings/-/bindings-1.5.0.tgz#10353c9e945334bc0511a6d90b38fbc7c9c504df"
  integrity sha512-p2q/t/mhvuOj/UeLlV6566GD/guowlr0hHxClI0W9m7MWYkL1F0hLo+0Aexs9HSPCtR1SXQ0TD3MMKrXZajbiQ==
  dependencies:
    file-uri-to-path "1.0.0"

"colors@>= 0.3.0":
  version "1.3.3"
  resolved "https://registry.yarnpkg.com/colors/-/colors-1.3.3.tgz#39e005d546afe01e01f9c4ca8fa50f686a01205d"
  integrity sha512-mmGt/1pZqYRjMxB1axhTo16/snVZ5krrKkcmMeVKxzECMMXoCgnvTPp10QgHfcbQZw8Dq2jMNG6je4JlWU0gWg==

debug@^2.6.8:
  version "2.6.9"
  resolved "https://registry.yarnpkg.com/debug/-/debug-2.6.9.tgz#5d128515df134ff327e90a4c93f4e077a536341f"
  integrity sha512-bC7ElrdJaJnPbAP+1EotYvqZsb3ecl5wi6Bfi6BJTUcNowp6cvspg0jXznRTKDjm/E7AdgFBVeAPVMNcKGsHMA==
  dependencies:
    ms "2.0.0"

dom-walk@^0.1.0:
  version "0.1.1"
  resolved "https://registry.yarnpkg.com/dom-walk/-/dom-walk-0.1.1.tgz#672226dc74c8f799ad35307df936aba11acd6018"
  integrity sha1-ZyIm3HTI95mtNTB9+TaroRrNYBg=

double-ended-queue@^2.1.0-0:
  version "2.1.0-0"
  resolved "https://registry.yarnpkg.com/double-ended-queue/-/double-ended-queue-2.1.0-0.tgz#103d3527fd31528f40188130c841efdd78264e5c"
  integrity sha1-ED01J/0xUo9AGIEwyEHv3XgmTlw=

envify@^4.0.0:
  version "4.1.0"
  resolved "https://registry.yarnpkg.com/envify/-/envify-4.1.0.tgz#f39ad3db9d6801b4e6b478b61028d3f0b6819f7e"
  integrity sha512-IKRVVoAYr4pIx4yIWNsz9mOsboxlNXiu7TNBnem/K/uTHdkyzXWDzHCK7UTolqBbgaBz0tQHsD3YNls0uIIjiw==
  dependencies:
    esprima "^4.0.0"
    through "~2.3.4"

es6-promise@^4.1.0:
  version "4.2.6"
  resolved "https://registry.yarnpkg.com/es6-promise/-/es6-promise-4.2.6.tgz#b685edd8258886365ea62b57d30de28fadcd974f"
  integrity sha512-aRVgGdnmW2OiySVPUC9e6m+plolMAJKjZnQlCwNSuK5yQ0JN61DZSO1X1Ufd1foqWRAlig0rhduTCHe7sVtK5Q==

esprima@^4.0.0:
  version "4.0.1"
  resolved "https://registry.yarnpkg.com/esprima/-/esprima-4.0.1.tgz#13b04cdb3e6c5d19df91ab6987a8695619b0aa71"
  integrity sha512-eGuFFw7Upda+g4p+QHvnW0RyTX/SVeJBDM/gCtMARO0cLuT2HcEKnTPvhjV6aGeqrCB/sbNop0Kszm0jsaWU4A==

events@^1.1.0:
  version "1.1.1"
  resolved "https://registry.yarnpkg.com/events/-/events-1.1.1.tgz#9ebdb7635ad099c70dcc4c2a1f5004288e8bd924"
  integrity sha1-nr23Y1rQmccNzEwqH1AEKI6L2SQ=

events@^3.0.0:
  version "3.0.0"
  resolved "https://registry.yarnpkg.com/events/-/events-3.0.0.tgz#9a0a0dfaf62893d92b875b8f2698ca4114973e88"
  integrity sha512-Dc381HFWJzEOhQ+d8pkNon++bk9h6cdAoAj4iE6Q4y6xgTzySWXlKn05/TVNpjnfRqi/X0EpJEJohPjNI3zpVA==

file-uri-to-path@1.0.0:
  version "1.0.0"
  resolved "https://registry.yarnpkg.com/file-uri-to-path/-/file-uri-to-path-1.0.0.tgz#553a7b8446ff6f684359c445f1e37a05dacc33dd"
  integrity sha512-0Zt+s3L7Vf1biwWZ29aARiVYLx7iMGnEUl9x33fbB/j3jR81u/O2LbqK+Bm1CDSNDKVtJ/YjwY7TUd5SkeLQLw==

foreach@^2.0.5:
  version "2.0.5"
  resolved "https://registry.yarnpkg.com/foreach/-/foreach-2.0.5.tgz#0bee005018aeb260d0a3af3ae658dd0136ec1b99"
  integrity sha1-C+4AUBiusmDQo6865ljdATbsG5k=

formidable@*:
  version "1.2.1"
  resolved "https://registry.yarnpkg.com/formidable/-/formidable-1.2.1.tgz#70fb7ca0290ee6ff961090415f4b3df3d2082659"
  integrity sha512-Fs9VRguL0gqGHkXS5GQiMCr1VhZBxz0JnJs4JmMp/2jL18Fmbzvv7vOFRU+U8TBkHEE/CX1qDXzJplVULgsLeg==

global@^4.3.2:
  version "4.3.2"
  resolved "https://registry.yarnpkg.com/global/-/global-4.3.2.tgz#e76989268a6c74c38908b1305b10fc0e394e9d0f"
  integrity sha1-52mJJopsdMOJCLEwWxD8DjlOnQ8=
  dependencies:
    min-document "^2.19.0"
    process "~0.5.1"

hiredis@*:
  version "0.5.0"
  resolved "https://registry.yarnpkg.com/hiredis/-/hiredis-0.5.0.tgz#db03a98becd7003d13c260043aceecfacdf59b87"
  integrity sha1-2wOpi+zXAD0TwmAEOs7s+s31m4c=
  dependencies:
    bindings "^1.2.1"
    nan "^2.3.4"

immediate@^3.2.3:
  version "3.2.3"
  resolved "https://registry.yarnpkg.com/immediate/-/immediate-3.2.3.tgz#d140fa8f614659bd6541233097ddaac25cdd991c"
  integrity sha1-0UD6j2FGWb1lQSMwl92qwlzdmRw=

inherits@^2.0.1:
  version "2.0.3"
  resolved "https://registry.yarnpkg.com/inherits/-/inherits-2.0.3.tgz#633c2c83e3da42a502f52466022480f4208261de"
  integrity sha1-Yzwsg+PaQqUC9SRmAiSA9CCCYd4=

insert-css@^2.0.0:
  version "2.0.0"
  resolved "https://registry.yarnpkg.com/insert-css/-/insert-css-2.0.0.tgz#eb5d1097b7542f4c79ea3060d3aee07d053880f4"
  integrity sha1-610Ql7dUL0x56jBg067gfQU4gPQ=

isarray@^2.0.1:
  version "2.0.4"
  resolved "https://registry.yarnpkg.com/isarray/-/isarray-2.0.4.tgz#38e7bcbb0f3ba1b7933c86ba1894ddfc3781bbb7"
  integrity sha512-GMxXOiUirWg1xTKRipM0Ek07rX+ubx4nNVElTJdNLYmNO/2YrDkgJGw9CljXn+r4EWiDQg/8lsRdHyg2PJuUaA==

load-script@^1.0.0:
  version "1.0.0"
  resolved "https://registry.yarnpkg.com/load-script/-/load-script-1.0.0.tgz#0491939e0bee5643ee494a7e3da3d2bac70c6ca4"
  integrity sha1-BJGTngvuVkPuSUp+PaPSuscMbKQ=

mailer@*:
  version "0.6.7"
  resolved "https://registry.yarnpkg.com/mailer/-/mailer-0.6.7.tgz#012d69b2554864976d9d77f5326b35097653f653"
  integrity sha1-AS1pslVIZJdtnXf1Mms1CXZT9lM=
  dependencies:
    colors ">= 0.3.0"
    nodemailer "0.1.20"

mimelib-noiconv@*:
  version "0.1.9"
  resolved "https://registry.yarnpkg.com/mimelib-noiconv/-/mimelib-noiconv-0.1.9.tgz#eadce6f9ce226842501a203e95bcee96af8189f2"
  integrity sha1-6tzm+c4iaEJQGiA+lbzulq+BifI=

min-document@^2.19.0:
  version "2.19.0"
  resolved "https://registry.yarnpkg.com/min-document/-/min-document-2.19.0.tgz#7bd282e3f5842ed295bb748cdd9f1ffa2c824685"
  integrity sha1-e9KC4/WELtKVu3SM3Z8f+iyCRoU=
  dependencies:
    dom-walk "^0.1.0"

ms@2.0.0:
  version "2.0.0"
  resolved "https://registry.yarnpkg.com/ms/-/ms-2.0.0.tgz#5608aeadfc00be6c2901df5f9861788de0d597c8"
  integrity sha1-VgiurfwAvmwpAd9fmGF4jeDVl8g=

nan@^2.3.4:
  version "2.13.0"
  resolved "https://registry.yarnpkg.com/nan/-/nan-2.13.0.tgz#7bdfc27dd3c060c46e60b62c72b74012d1a4cd68"
  integrity sha512-5DDQvN0luhXdut8SCwzm/ZuAX2W+fwhqNzfq7CZ+OJzQ6NwpcqmIGyLD1R8MEt7BeErzcsI0JLr4pND2pNp2Cw==

nodemailer@0.1.20:
  version "0.1.20"
  resolved "https://registry.yarnpkg.com/nodemailer/-/nodemailer-0.1.20.tgz#a91748a448eddf35fe24d7272c8187ddcc38e253"
  integrity sha1-qRdIpEjt3zX+JNcnLIGH3cw44lM=
  dependencies:
    mimelib-noiconv "*"

object-keys@^1.0.11, object-keys@^1.1.0:
  version "1.1.0"
  resolved "https://registry.yarnpkg.com/object-keys/-/object-keys-1.1.0.tgz#11bd22348dd2e096a045ab06f6c85bcc340fa032"
  integrity sha512-6OO5X1+2tYkNyNEx6TsCxEqFfRWaqx6EtMiSbGrw8Ob8v9Ne+Hl8rBAgLBZn5wjEz3s/s6U1WXFUFOcxxAwUpg==

places.js@^1.16.1:
  version "1.16.1"
  resolved "https://registry.yarnpkg.com/places.js/-/places.js-1.16.1.tgz#5e62a917bb17fb44633adf944dd3cb3497393c7f"
  integrity sha512-r6qB/SZi7cp6IQP6V6LPkaMEZCGLw3bzKXS01Uf+cKbQWNDmjbM8UA3TnD2pwfydetZa7mI7yDZZdVubB4BhQg==
  dependencies:
    algolia-aerial "^1.5.3"
    algoliasearch "^3.31.0"
    autocomplete.js "^0.36.0"
    events "^3.0.0"
    insert-css "^2.0.0"

places@^0.0.2:
  version "0.0.2"
  resolved "https://registry.yarnpkg.com/places/-/places-0.0.2.tgz#175e41ff8c57a8e1f763c8f4e5d9dd96d890e7da"
  integrity sha1-F15B/4xXqOH3Y8j05dndltiQ59o=
  dependencies:
    formidable "*"
    hiredis "*"
    mailer "*"
    redis "*"

process@~0.5.1:
  version "0.5.2"
  resolved "https://registry.yarnpkg.com/process/-/process-0.5.2.tgz#1638d8a8e34c2f440a91db95ab9aeb677fc185cf"
  integrity sha1-FjjYqONML0QKkduVq5rrZ3/Bhc8=

querystring-es3@^0.2.1:
  version "0.2.1"
  resolved "https://registry.yarnpkg.com/querystring-es3/-/querystring-es3-0.2.1.tgz#9ec61f79049875707d69414596fd907a4d711e73"
  integrity sha1-nsYfeQSYdXB9aUFFlv2Qek1xHnM=

redis-commands@^1.2.0:
  version "1.4.0"
  resolved "https://registry.yarnpkg.com/redis-commands/-/redis-commands-1.4.0.tgz#52f9cf99153efcce56a8f86af986bd04e988602f"
  integrity sha512-cu8EF+MtkwI4DLIT0x9P8qNTLFhQD4jLfxLR0cCNkeGzs87FN6879JOJwNQR/1zD7aSYNbU0hgsV9zGY71Itvw==

redis-parser@^2.6.0:
  version "2.6.0"
  resolved "https://registry.yarnpkg.com/redis-parser/-/redis-parser-2.6.0.tgz#52ed09dacac108f1a631c07e9b69941e7a19504b"
  integrity sha1-Uu0J2srBCPGmMcB+m2mUHnoZUEs=

redis@*:
  version "2.8.0"
  resolved "https://registry.yarnpkg.com/redis/-/redis-2.8.0.tgz#202288e3f58c49f6079d97af7a10e1303ae14b02"
  integrity sha512-M1OkonEQwtRmZv4tEWF2VgpG0JWJ8Fv1PhlgT5+B+uNq2cA3Rt1Yt/ryoR+vQNOQcIEgdCdfH0jr3bDpihAw1A==
  dependencies:
    double-ended-queue "^2.1.0-0"
    redis-commands "^1.2.0"
    redis-parser "^2.6.0"

reduce@^1.0.1:
  version "1.0.2"
  resolved "https://registry.yarnpkg.com/reduce/-/reduce-1.0.2.tgz#0cd680ad3ffe0b060e57a5c68bdfce37168d361b"
  integrity sha512-xX7Fxke/oHO5IfZSk77lvPa/7bjMh9BuCk4OOoX5XTXrM7s0Z+MkPfSDfz0q7r91BhhGSs8gii/VEN/7zhCPpQ==
  dependencies:
    object-keys "^1.1.0"

safe-buffer@^5.0.1:
  version "5.1.2"
  resolved "https://registry.yarnpkg.com/safe-buffer/-/safe-buffer-5.1.2.tgz#991ec69d296e0313747d59bdfd2b745c35f8828d"
  integrity sha512-Gd2UZBJDkXlY7GbJxfsE8/nvKkUEU1G38c1siN6QP6a9PT9MmHB8GnpscSmMJSoF8LOIrt8ud/wPtojys4G6+g==

semver@^5.1.0:
  version "5.6.0"
  resolved "https://registry.yarnpkg.com/semver/-/semver-5.6.0.tgz#7e74256fbaa49c75aa7c7a205cc22799cac80004"
  integrity sha512-RS9R6R35NYgQn++fkDWaOmqGoj4Ek9gGs+DPxNUZKuwE183xjJroKvyo1IzVFeXvUrvmALy6FWD5xrdJT25gMg==

through@~2.3.4:
  version "2.3.8"
  resolved "https://registry.yarnpkg.com/through/-/through-2.3.8.tgz#0dd4c9ffaabc357960b1b724115d7e0e86a2e1f5"
  integrity sha1-DdTJ/6q8NXlgsbckEV1+Doai4fU=

tunnel-agent@^0.6.0:
  version "0.6.0"
  resolved "https://registry.yarnpkg.com/tunnel-agent/-/tunnel-agent-0.6.0.tgz#27a5dea06b36b04a0a9966774b290868f0fc40fd"
  integrity sha1-J6XeoGs2sEoKmWZ3SykIaPD8QP0=
  dependencies:
    safe-buffer "^5.0.1"
